
Microsoft Visual Studio Solution File, Format Version 12.00
Project("{FAE04EC0-301F-11D3-BF4B-00C04F79EFBC}") = "caffeine", "caffeine\caffeine.csproj", "{C81BC9C7-DE97-48C6-94DD-24F011D174CE}"
EndProject
Global
	GlobalSection(SolutionConfigurationPlatforms) = preSolution
		Debug|Any CPU = Debug|Any CPU
		Release|Any CPU = Release|Any CPU
	EndGlobalSection
	GlobalSection(ProjectConfigurationPlatforms) = postSolution
		{C81BC9C7-DE97-48C6-94DD-24F011D174CE}.Debug|Any CPU.ActiveCfg = Debug|Any CPU
		{C81BC9C7-DE97-48C6-94DD-24F011D174CE}.Debug|Any CPU.Build.0 = Debug|Any CPU
		{C81BC9C7-DE97-48C6-94DD-24F011D174CE}.Release|Any CPU.ActiveCfg = Release|Any CPU
		{C81BC9C7-DE97-48C6-94DD-24F011D174CE}.Release|Any CPU.Build.0 = Release|Any CPU
	EndGlobalSection
EndGlobal
